
Microsoft Visual Studio Solution File, Format Version 11.00
# Visual Studio 2010
Project("{8BC9CEB8-8B4A-11D0-8D11-00A0C91BC942}") = "Assignment_03_Framework", "Assignment_02_Framework\Assignment_02_Framework.vcxproj", "{070F1B1F-56BD-4BBF-B47A-BECA9DE0BB70}"
EndProject
Global
	GlobalSection(SolutionConfigurationPlatforms) = preSolution
		Debug|Win32 = Debug|Win32
		Release|Win32 = Release|Win32
	EndGlobalSection
	GlobalSection(ProjectConfigurationPlatforms) = postSolution
		{070F1B1F-56BD-4BBF-B47A-BECA9DE0BB70}.Debug|Win32.ActiveCfg = Debug|Win32
		{070F1B1F-56BD-4BBF-B47A-BECA9DE0BB70}.Debug|Win32.Build.0 = Debug|Win32
		{070F1B1F-56BD-4BBF-B47A-BECA9DE0BB70}.Release|Win32.ActiveCfg = Release|Win32
		{070F1B1F-56BD-4BBF-B47A-BECA9DE0BB70}.Release|Win32.Build.0 = Release|Win32
	EndGlobalSection
	GlobalSection(SolutionProperties) = preSolution
		HideSolutionNode = FALSE
	EndGlobalSection
EndGlobal
